
Microsoft Visual Studio Solution File, Format Version 12.00
# Visual Studio 15
VisualStudioVersion = 15.0.28307.2092
MinimumVisualStudioVersion = 10.0.40219.1
Project("{FAE04EC0-301F-11D3-BF4B-00C04F79EFBC}") = "Encuesta", "Encuesta\Encuesta.csproj", "{AF26A8BF-E118-4E2A-B935-39CD38E40C55}"
EndProject
Global
	GlobalSection(SolutionConfigurationPlatforms) = preSolution
		Debug|Any CPU = Debug|Any CPU
		Release|Any CPU = Release|Any CPU
	EndGlobalSection
	GlobalSection(ProjectConfigurationPlatforms) = postSolution
		{AF26A8BF-E118-4E2A-B935-39CD38E40C55}.Debug|Any CPU.ActiveCfg = Debug|Any CPU
		{AF26A8BF-E118-4E2A-B935-39CD38E40C55}.Debug|Any CPU.Build.0 = Debug|Any CPU
		{AF26A8BF-E118-4E2A-B935-39CD38E40C55}.Release|Any CPU.ActiveCfg = Release|Any CPU
		{AF26A8BF-E118-4E2A-B935-39CD38E40C55}.Release|Any CPU.Build.0 = Release|Any CPU
	EndGlobalSection
	GlobalSection(SolutionProperties) = preSolution
		HideSolutionNode = FALSE
	EndGlobalSection
	GlobalSection(ExtensibilityGlobals) = postSolution
		SolutionGuid = {B5DEF67B-6AA7-4393-9763-790FAF19953F}
	EndGlobalSection
EndGlobal
